
Microsoft Visual Studio Solution File, Format Version 12.00
# Visual Studio Version 16
VisualStudioVersion = 16.0.29806.167
MinimumVisualStudioVersion = 10.0.40219.1
Project("{FAE04EC0-301F-11D3-BF4B-00C04F79EFBC}") = "FoodApp.API", "FoodApp.API\FoodApp.API.csproj", "{47D29244-FC44-416F-A7D0-840D32FFA3B6}"
EndProject
Global
	GlobalSection(SolutionConfigurationPlatforms) = preSolution
		Debug|Any CPU = Debug|Any CPU
		Release|Any CPU = Release|Any CPU
	EndGlobalSection
	GlobalSection(ProjectConfigurationPlatforms) = postSolution
		{47D29244-FC44-416F-A7D0-840D32FFA3B6}.Debug|Any CPU.ActiveCfg = Debug|Any CPU
		{47D29244-FC44-416F-A7D0-840D32FFA3B6}.Debug|Any CPU.Build.0 = Debug|Any CPU
		{47D29244-FC44-416F-A7D0-840D32FFA3B6}.Release|Any CPU.ActiveCfg = Release|Any CPU
		{47D29244-FC44-416F-A7D0-840D32FFA3B6}.Release|Any CPU.Build.0 = Release|Any CPU
	EndGlobalSection
	GlobalSection(SolutionProperties) = preSolution
		HideSolutionNode = FALSE
	EndGlobalSection
	GlobalSection(ExtensibilityGlobals) = postSolution
		SolutionGuid = {BD10EC9F-BCED-4A23-9380-7DF1E04373E0}
	EndGlobalSection
EndGlobal
