
Microsoft Visual Studio Solution File, Format Version 12.00
# Visual Studio Version 16
VisualStudioVersion = 16.0.29806.167
MinimumVisualStudioVersion = 10.0.40219.1
Project("{FAE04EC0-301F-11D3-BF4B-00C04F79EFBC}") = "FoodApp.API", "FoodApp.API\FoodApp.API.csproj", "{47D29244-FC44-416F-A7D0-840D32FFA3B6}"
EndProject
Project("{FAE04EC0-301F-11D3-BF4B-00C04F79EFBC}") = "FoodApp.Data", "FoodApp.Data\FoodApp.Data.csproj", "{D7095B3F-4326-452B-8905-115BFE005433}"
EndProject
Project("{FAE04EC0-301F-11D3-BF4B-00C04F79EFBC}") = "FoodApp.Entities", "FoodApp.Entities\FoodApp.Entities.csproj", "{61181A4B-5F28-4C1E-BC6E-2545B86887DA}"
EndProject
Global
	GlobalSection(SolutionConfigurationPlatforms) = preSolution
		Debug|Any CPU = Debug|Any CPU
		Release|Any CPU = Release|Any CPU
	EndGlobalSection
	GlobalSection(ProjectConfigurationPlatforms) = postSolution
		{47D29244-FC44-416F-A7D0-840D32FFA3B6}.Debug|Any CPU.ActiveCfg = Debug|Any CPU
		{47D29244-FC44-416F-A7D0-840D32FFA3B6}.Debug|Any CPU.Build.0 = Debug|Any CPU
		{47D29244-FC44-416F-A7D0-840D32FFA3B6}.Release|Any CPU.ActiveCfg = Release|Any CPU
		{47D29244-FC44-416F-A7D0-840D32FFA3B6}.Release|Any CPU.Build.0 = Release|Any CPU
		{D7095B3F-4326-452B-8905-115BFE005433}.Debug|Any CPU.ActiveCfg = Debug|Any CPU
		{D7095B3F-4326-452B-8905-115BFE005433}.Debug|Any CPU.Build.0 = Debug|Any CPU
		{D7095B3F-4326-452B-8905-115BFE005433}.Release|Any CPU.ActiveCfg = Release|Any CPU
		{D7095B3F-4326-452B-8905-115BFE005433}.Release|Any CPU.Build.0 = Release|Any CPU
		{61181A4B-5F28-4C1E-BC6E-2545B86887DA}.Debug|Any CPU.ActiveCfg = Debug|Any CPU
		{61181A4B-5F28-4C1E-BC6E-2545B86887DA}.Debug|Any CPU.Build.0 = Debug|Any CPU
		{61181A4B-5F28-4C1E-BC6E-2545B86887DA}.Release|Any CPU.ActiveCfg = Release|Any CPU
		{61181A4B-5F28-4C1E-BC6E-2545B86887DA}.Release|Any CPU.Build.0 = Release|Any CPU
	EndGlobalSection
	GlobalSection(SolutionProperties) = preSolution
		HideSolutionNode = FALSE
	EndGlobalSection
	GlobalSection(ExtensibilityGlobals) = postSolution
		SolutionGuid = {BD10EC9F-BCED-4A23-9380-7DF1E04373E0}
	EndGlobalSection
EndGlobal
